
Microsoft Visual Studio Solution File, Format Version 12.00
# Visual Studio Version 17
VisualStudioVersion = 17.7.34024.191
MinimumVisualStudioVersion = 10.0.40219.1
Project("{FAE04EC0-301F-11D3-BF4B-00C04F79EFBC}") = "Employee_CH12", "Employee_CH12\Employee_CH12.csproj", "{A4A281A3-2894-4791-A9C9-A58B239FB017}"
EndProject
Global
	GlobalSection(SolutionConfigurationPlatforms) = preSolution
		Debug|Any CPU = Debug|Any CPU
		Release|Any CPU = Release|Any CPU
	EndGlobalSection
	GlobalSection(ProjectConfigurationPlatforms) = postSolution
		{A4A281A3-2894-4791-A9C9-A58B239FB017}.Debug|Any CPU.ActiveCfg = Debug|Any CPU
		{A4A281A3-2894-4791-A9C9-A58B239FB017}.Debug|Any CPU.Build.0 = Debug|Any CPU
		{A4A281A3-2894-4791-A9C9-A58B239FB017}.Release|Any CPU.ActiveCfg = Release|Any CPU
		{A4A281A3-2894-4791-A9C9-A58B239FB017}.Release|Any CPU.Build.0 = Release|Any CPU
	EndGlobalSection
	GlobalSection(SolutionProperties) = preSolution
		HideSolutionNode = FALSE
	EndGlobalSection
	GlobalSection(ExtensibilityGlobals) = postSolution
		SolutionGuid = {56B73681-5A98-492A-80CA-032A248855EB}
	EndGlobalSection
EndGlobal
